
Microsoft Visual Studio Solution File, Format Version 12.00
# Visual Studio Version 17
VisualStudioVersion = 17.10.35013.160
MinimumVisualStudioVersion = 10.0.40219.1
Project("{FAE04EC0-301F-11D3-BF4B-00C04F79EFBC}") = "BankingLibrary", "BankingLibrary\BankingLibrary.csproj", "{45AD1FEF-E01D-472F-98AE-7382777C0004}"
EndProject
Project("{FAE04EC0-301F-11D3-BF4B-00C04F79EFBC}") = "BankingUI", "BankingUI\BankingUI.csproj", "{370C1428-59EF-4439-A650-CA5928492358}"
EndProject
Global
	GlobalSection(SolutionConfigurationPlatforms) = preSolution
		Debug|Any CPU = Debug|Any CPU
		Release|Any CPU = Release|Any CPU
	EndGlobalSection
	GlobalSection(ProjectConfigurationPlatforms) = postSolution
		{45AD1FEF-E01D-472F-98AE-7382777C0004}.Debug|Any CPU.ActiveCfg = Debug|Any CPU
		{45AD1FEF-E01D-472F-98AE-7382777C0004}.Debug|Any CPU.Build.0 = Debug|Any CPU
		{45AD1FEF-E01D-472F-98AE-7382777C0004}.Release|Any CPU.ActiveCfg = Release|Any CPU
		{45AD1FEF-E01D-472F-98AE-7382777C0004}.Release|Any CPU.Build.0 = Release|Any CPU
		{370C1428-59EF-4439-A650-CA5928492358}.Debug|Any CPU.ActiveCfg = Debug|Any CPU
		{370C1428-59EF-4439-A650-CA5928492358}.Debug|Any CPU.Build.0 = Debug|Any CPU
		{370C1428-59EF-4439-A650-CA5928492358}.Release|Any CPU.ActiveCfg = Release|Any CPU
		{370C1428-59EF-4439-A650-CA5928492358}.Release|Any CPU.Build.0 = Release|Any CPU
	EndGlobalSection
	GlobalSection(SolutionProperties) = preSolution
		HideSolutionNode = FALSE
	EndGlobalSection
	GlobalSection(ExtensibilityGlobals) = postSolution
		SolutionGuid = {11D15939-11A1-48C6-AC22-7AF2EE8DC175}
	EndGlobalSection
EndGlobal
